
Microsoft Visual Studio Solution File, Format Version 12.00
# Visual Studio Version 17
VisualStudioVersion = 17.11.35327.3
MinimumVisualStudioVersion = 10.0.40219.1
Project("{FAE04EC0-301F-11D3-BF4B-00C04F79EFBC}") = "edizStokOdevi", "edizStokOdevi\edizStokOdevi.csproj", "{AC1D5B28-9226-498A-AF77-CF35FD7E09E3}"
EndProject
Global
	GlobalSection(SolutionConfigurationPlatforms) = preSolution
		Debug|Any CPU = Debug|Any CPU
		Release|Any CPU = Release|Any CPU
	EndGlobalSection
	GlobalSection(ProjectConfigurationPlatforms) = postSolution
		{AC1D5B28-9226-498A-AF77-CF35FD7E09E3}.Debug|Any CPU.ActiveCfg = Debug|Any CPU
		{AC1D5B28-9226-498A-AF77-CF35FD7E09E3}.Debug|Any CPU.Build.0 = Debug|Any CPU
		{AC1D5B28-9226-498A-AF77-CF35FD7E09E3}.Release|Any CPU.ActiveCfg = Release|Any CPU
		{AC1D5B28-9226-498A-AF77-CF35FD7E09E3}.Release|Any CPU.Build.0 = Release|Any CPU
	EndGlobalSection
	GlobalSection(SolutionProperties) = preSolution
		HideSolutionNode = FALSE
	EndGlobalSection
	GlobalSection(ExtensibilityGlobals) = postSolution
		SolutionGuid = {94397A9C-11B9-4583-B068-211C1BB655D0}
	EndGlobalSection
EndGlobal
